
Microsoft Visual Studio Solution File, Format Version 12.00
# Visual Studio Version 17
VisualStudioVersion = 17.2.32602.215
MinimumVisualStudioVersion = 10.0.40219.1
Project("{9A19103F-16F7-4668-BE54-9A1E7A4F7556}") = "PowerlineCarTest", "PowerlineCarTest.csproj", "{5D201B69-315D-4BE9-8370-AB4976347355}"
EndProject
Project("{9A19103F-16F7-4668-BE54-9A1E7A4F7556}") = "PowerlineCarTestTests", "..\PowerlineCarTestTests\PowerlineCarTestTests.csproj", "{4EF26304-5BD3-47D0-B5DC-8E78367D66A2}"
EndProject
Global
	GlobalSection(SolutionConfigurationPlatforms) = preSolution
		Debug|Any CPU = Debug|Any CPU
		Release|Any CPU = Release|Any CPU
	EndGlobalSection
	GlobalSection(ProjectConfigurationPlatforms) = postSolution
		{5D201B69-315D-4BE9-8370-AB4976347355}.Debug|Any CPU.ActiveCfg = Debug|Any CPU
		{5D201B69-315D-4BE9-8370-AB4976347355}.Debug|Any CPU.Build.0 = Debug|Any CPU
		{5D201B69-315D-4BE9-8370-AB4976347355}.Release|Any CPU.ActiveCfg = Release|Any CPU
		{5D201B69-315D-4BE9-8370-AB4976347355}.Release|Any CPU.Build.0 = Release|Any CPU
		{4EF26304-5BD3-47D0-B5DC-8E78367D66A2}.Debug|Any CPU.ActiveCfg = Debug|Any CPU
		{4EF26304-5BD3-47D0-B5DC-8E78367D66A2}.Debug|Any CPU.Build.0 = Debug|Any CPU
		{4EF26304-5BD3-47D0-B5DC-8E78367D66A2}.Release|Any CPU.ActiveCfg = Release|Any CPU
		{4EF26304-5BD3-47D0-B5DC-8E78367D66A2}.Release|Any CPU.Build.0 = Release|Any CPU
	EndGlobalSection
	GlobalSection(SolutionProperties) = preSolution
		HideSolutionNode = FALSE
	EndGlobalSection
	GlobalSection(ExtensibilityGlobals) = postSolution
		SolutionGuid = {01262ECE-A118-4E15-AE3E-2024E368D102}
	EndGlobalSection
EndGlobal
